
Microsoft Visual Studio Solution File, Format Version 12.00
# Visual Studio Version 17
VisualStudioVersion = 17.1.32328.378
MinimumVisualStudioVersion = 10.0.40219.1
Project("{FAE04EC0-301F-11D3-BF4B-00C04F79EFBC}") = "CinemaPro", "CinemaPro.csproj", "{3C45C14C-79EA-4FEB-BA37-4B462842D38A}"
EndProject
Global
	GlobalSection(SolutionConfigurationPlatforms) = preSolution
		Debug|Any CPU = Debug|Any CPU
		Release|Any CPU = Release|Any CPU
	EndGlobalSection
	GlobalSection(ProjectConfigurationPlatforms) = postSolution
		{3C45C14C-79EA-4FEB-BA37-4B462842D38A}.Debug|Any CPU.ActiveCfg = Debug|Any CPU
		{3C45C14C-79EA-4FEB-BA37-4B462842D38A}.Debug|Any CPU.Build.0 = Debug|Any CPU
		{3C45C14C-79EA-4FEB-BA37-4B462842D38A}.Release|Any CPU.ActiveCfg = Release|Any CPU
		{3C45C14C-79EA-4FEB-BA37-4B462842D38A}.Release|Any CPU.Build.0 = Release|Any CPU
	EndGlobalSection
	GlobalSection(SolutionProperties) = preSolution
		HideSolutionNode = FALSE
	EndGlobalSection
	GlobalSection(ExtensibilityGlobals) = postSolution
		SolutionGuid = {72F9E950-111C-424D-B060-A5DE0145C2CD}
	EndGlobalSection
EndGlobal
